github.com/KyleBanks/depth v1.2.1 h1:5h8fQADFrWtarTdtDudMmGsC7GPbOAu6RVB3ffsVFHc=
github.com/KyleBanks/depth v1.2.1/go.mod h1:jzSb9d0L43HxTQfT+oSA1EEp2q+ne2uh6XgeJcm8brE=
github.com/aws/aws-sdk-go-v2 v1.43.1 h1:t6AQIB1uQ7HJA+0CDRWjOYG5MfwnOyyDsN4vRDHcwIY=
github.com/aws/aws-sdk-go-v2 v1.43.1/go.mod h1:WEzLKBh/mEjXvx1FtQMWgSxMSTVqxQzjkRtk5fa3wkg=
github.com/aws/aws-sdk-go-v2 v1.43.2 h1:cl+IXwWb3qazClUcm08tGSsB6OiuV83JVJO9B0jQcPc=
github.com/aws/aws-sdk-go-v2 v1.43.2/go.mod h1:WEzLKBh/mEjXvx1FtQMWgSxMSTVqxQzjkRtk5fa3wkg=
github.com/aws/aws-sdk-go-v2/aws/protocol/eventstream v1.7.15 h1:rq/p1VNFfygoKEQ9hHMKsKBE98lspPvT8IxaFs5mFhw=
github.com/aws/aws-sdk-go-v2/aws/protocol/eventstream v1.7.15/go.mod h1:bELIhlPfW8OkpDhP1MvCjHDtvv8NhiBTz+K4o26zrXA=
github.com/aws/aws-sdk-go-v2/config v1.32.32 h1:CcYdrcIjulT7xbTSqeEInh/PqUWv10LMznfdbNRwHBM=
github.com/aws/aws-sdk-go-v2/config v1.32.32/go.mod h1:Rk+LRPrR2oLWLOqUbhNOKYOJ8chU2aZ/R+Sdi/Bc/+4=
github.com/aws/aws-sdk-go-v2/config v1.32.33 h1:M1m/Q6f0OKDEDGwhiNOqx1OjTdrewe3v+GDbHmKczWk=
github.com/aws/aws-sdk-go-v2/config v1.32.33/go.mod h1:fGj1iQj2QpIZzp7jE4aQQ+71TE8cd4z9K4+xCd6EqmE=
github.com/aws/aws-sdk-go-v2/credentials v1.19.31 h1:olhkNt+ZMx+X40XxeyrflmdBx145TP+3DqaS4s8GsbI=
github.com/aws/aws-sdk-go-v2/credentials v1.19.31/go.mod h1:twHrsQY+gUmkTOsDqYwBBrdP41FvzO86qjiRbj7GXcw=
github.com/aws/aws-sdk-go-v2/credentials v1.19.32 h1:eNE0JnIblBo1NCvd3tqEYuZz9XDefn69R74CHd3nT7U=
github.com/aws/aws-sdk-go-v2/credentials v1.19.32/go.mod h1:yYJu+6tqKUYZuJSYcpSGjz/6sV/SUaAaKIufnWKx2OU=
github.com/aws/aws-sdk-go-v2/feature/ec2/imds v1.18.32 h1:zheY8iDNNzOHGS2aBJ5GWjeRbhsGuSg4+s20NZ0AywQ=
github.com/aws/aws-sdk-go-v2/feature/ec2/imds v1.18.32/go.mod h1:bkw+ZoqafHSo/3lQBm+xzWf4kh79hqP9M2kPtmOFZIY=
github.com/aws/aws-sdk-go-v2/feature/ec2/imds v1.18.33 h1:MobhiR6KIerWxmO74Zit5I3379+mSc2DOdZ3DeRFB9w=
github.com/aws/aws-sdk-go-v2/feature/ec2/imds v1.18.33/go.mod h1:xu02847OdZfNr/jAfZpHtyRk0b3v4d0kaoxNHxZGG/w=
github.com/aws/aws-sdk-go-v2/internal/configsources v1.4.32 h1:PqiNS1QVFVctiMX30IwaY6pM3cUUfZFe+HPKmlZVY4I=
github.com/aws/aws-sdk-go-v2/internal/configsources v1.4.32/go.mod h1:jqisrvz2jliDnF3dW4wO9ZT1lHz1d6pXjftFyyZyqjY=
github.com/aws/aws-sdk-go-v2/internal/configsources v1.4.33 h1:HAp1wLFZzch054uh3FK7rcVYg4v7J2FxVf3h3IGNZas=
github.com/aws/aws-sdk-go-v2/internal/configsources v1.4.33/go.mod h1:mJk5fmqnF+WUlMdPG37pR2Fh3oh6r8F6ZGUgPKvzu0c=
github.com/aws/aws-sdk-go-v2/internal/endpoints/v2 v2.7.32 h1:bWzam6cUCb/BRiZYmmdwPg+FvZy3/QygB9u6z7BIlnM=
github.com/aws/aws-sdk-go-v2/internal/endpoints/v2 v2.7.32/go.mod h1:VGTWlYbW4qvz9djYt2lj35gSAZS5aZ2xKn85wXziw6A=
github.com/aws/aws-sdk-go-v2/internal/endpoints/v2 v2.7.33 h1:0YA0aCKgsJyno6xkFfaIgjE3/wK08+Qxo9nQfe1UrWM=
github.com/aws/aws-sdk-go-v2/internal/endpoints/v2 v2.7.33/go.mod h1:UZqj4WIdTH+ga8Y/DgpAuy/8cGjM3h7gDCliJYGg2SE=
github.com/aws/aws-sdk-go-v2/internal/v4a v1.4.33 h1:J4GttOtoayrtx24b8NODgSvJTAQ2qj/E5YPEeaYrYh0=
github.com/aws/aws-sdk-go-v2/internal/v4a v1.4.33/go.mod h1:G8G6DL9QyBO/vuHXJ/JG29qy2hBNYrQxDYJmqMStWJ4=
github.com/aws/aws-sdk-go-v2/internal/v4a v1.4.34 h1:HQYnjFnXpX8EbPW5M1QT8mXzesRPwly0HEPTcFlS02Y=
github.com/aws/aws-sdk-go-v2/internal/v4a v1.4.34/go.mod h1:tGzj56niKYZBbDIRhwPGDqrULzmWv5b6uBQGqyNaFZw=
github.com/aws/aws-sdk-go-v2/service/bedrock v1.66.1 h1:Z3k5fc5T7oHRa5oN/9qHX8WeHXxIx9QwR9sKvQhnG8A=
github.com/aws/aws-sdk-go-v2/service/bedrock v1.66.1/go.mod h1:5v8CczaliPb2X3y7p21V1goArPnVBiLjGcEdTzHMOeI=
github.com/aws/aws-sdk-go-v2/service/bedrock v1.66.2 h1:Y0BRJzxaHonjV8f2cNwIKrxV700LTYLkIGG/q/Ur0Fs=
github.com/aws/aws-sdk-go-v2/service/bedrock v1.66.2/go.mod h1:5IYrT5MYL/B66h8eWh2eg4sgldLecW1ni+oK88chnfc=
github.com/aws/aws-sdk-go-v2/service/bedrockruntime v1.56.1 h1:F83spzHjgzOcuAFpUjDGjNDl48kKfCxXxRlHnftPW1c=
github.com/aws/aws-sdk-go-v2/service/bedrockruntime v1.56.1/go.mod h1:3hRX9aTaS1NEUDhidtq9LwnSamrEKyIIMqNE3ud08ok=
github.com/aws/aws-sdk-go-v2/service/bedrockruntime v1.56.2 h1:rnHBxU6pQfShUzNnaVT2pO0j79TxwvKRQh04W4pf9Co=
github.com/aws/aws-sdk-go-v2/service/bedrockruntime v1.56.2/go.mod h1:aiLBJzkKa2QBo0uZF/WbCAB4sKGbasFl3a43NTpO9rE=
github.com/aws/aws-sdk-go-v2/service/internal/accept-encoding v1.13.14 h1:SA43nfaY7+1jjMNIc2ywu99JLJLButtIdLP6j+bT870=
github.com/aws/aws-sdk-go-v2/service/internal/accept-encoding v1.13.14/go.mod h1:Du3llKcwbQvHsTXSLzTOGQz0DTDBMEzdg7DAGu7inrY=
github.com/aws/aws-sdk-go-v2/service/internal/presigned-url v1.13.32 h1:dWFHhQpbf7Yui4fsy+bJUy54JrmpJHIyAuUkcadqwMo=
github.com/aws/aws-sdk-go-v2/service/internal/presigned-url v1.13.32/go.mod h1:oN4Iix8rAbyTx6tFMP9mS8RFLJnDeZSbSsHwXYSs3tE=
github.com/aws/aws-sdk-go-v2/service/internal/presigned-url v1.13.33 h1:mqI7OrxN/DUH85F5OqVn3cIfuZ3+HVcebUm2N8mLlgQ=
github.com/aws/aws-sdk-go-v2/service/internal/presigned-url v1.13.33/go.mod h1:eZ5jdEpvaaOU8nWWE4cTAJETSEA5FZoWxvNRao4piHY=
github.com/aws/aws-sdk-go-v2/service/signin v1.5.1 h1:i7p1pinRrWxJp+sD+u2pCWYdcB9vL1VNIPKWssNOp4o=
github.com/aws/aws-sdk-go-v2/service/signin v1.5.1/go.mod h1:gtQTy/o93W5Sx0IFdAkn7Usa+Qg7ydG2+9GC7MoKqPU=
github.com/aws/aws-sdk-go-v2/service/signin v1.5.2 h1:EjI1CZzDcBxPkTa3j1BdtIrUDbqnOGssFMeyUS+6W0I=
github.com/aws/aws-sdk-go-v2/service/signin v1.5.2/go.mod h1:vN3eb5H8MEAZ4dx0F5Wc9LT8eb3eW7bZZ5BjGJdbw9k=
github.com/aws/aws-sdk-go-v2/service/sso v1.33.1 h1:GBLnqpnDEn/+vnBGlxAJ4+jopfzW7vVT0++jLPgWN9A=
github.com/aws/aws-sdk-go-v2/service/sso v1.33.1/go.mod h1:RK3AEzTbSEbGLQDd3qPA5ZLXm6mfB9shq5sbiuaF7AU=
github.com/aws/aws-sdk-go-v2/service/sso v1.33.2 h1:zMP1FDFE08L7sM5f1QqkH/ZgKKg8Uc0Dz7KhSSYqWkw=
github.com/aws/aws-sdk-go-v2/service/sso v1.33.2/go.mod h1:0LoIZSUKjdo2BleHfT1hv/jlD33LQS00IrBlzoUsoUQ=
github.com/aws/aws-sdk-go-v2/service/ssooidc v1.38.1 h1:1DWsRED+rRzFQ1rDWpwkipw67tp4kyQByQg9POWYl80=
github.com/aws/aws-sdk-go-v2/service/ssooidc v1.38.1/go.mod h1:nadMS3uTrTANeD214BBuPg/SJpJ/UhBiNuqN1Z2Ay4c=
github.com/aws/aws-sdk-go-v2/service/ssooidc v1.38.2 h1:9eTqUYl+SyVmaRPMyBXSO9wwqC6TRwZB82pKENK2hdQ=
github.com/aws/aws-sdk-go-v2/service/ssooidc v1.38.2/go.mod h1:DThweuz22kiLc7lGHop5vQ9c3bx5W6Azs/YqSHa2fu8=
github.com/aws/aws-sdk-go-v2/service/sts v1.45.1 h1:JugCuomdxnZwjp5xvqSuPgeWRecAvkno7EwXmR/ZXWE=
github.com/aws/aws-sdk-go-v2/service/sts v1.45.1/go.mod h1:dtViDu/XqU2gq1eeTFz7Ijb7xCHoso8CaBOqYVshoqc=
github.com/aws/aws-sdk-go-v2/service/sts v1.45.2 h1:EJd8vZO3E8SE6nmPqxuxlQ1NeSb8as50sf6eGdV4Saw=
github.com/aws/aws-sdk-go-v2/service/sts v1.45.2/go.mod h1:OgpPvKzsO2Ranjpli/20djMkg6UrV5mw4W3pZpq1Mqo=
github.com/aws/smithy-go v1.27.5 h1:d1ro7KpYOYwP6m73YFa+Kc/A130VsAdX68SpsJwARMM=
github.com/aws/smithy-go v1.27.5/go.mod h1:YE2RhdIuDbA5E5bTdciG9KrW3+TiEONeUWCqxX9i1Fc=
github.com/creack/pty v1.1.9/go.mod h1:oKZEueFk5CKHvIhNR5MUki03XCEU+Q6VDXinZuGJ33E=
github.com/davecgh/go-spew v1.1.0/go.mod h1:J7Y8YcW2NihsgmVo/mv3lAwl/skON4iLHjSsI+c5H38=
github.com/davecgh/go-spew v1.1.1 h1:vj9j/u1bqnvCEfJOwUhtlOARqs3+rkHYY13jYWTU97c=
github.com/davecgh/go-spew v1.1.1/go.mod h1:J7Y8YcW2NihsgmVo/mv3lAwl/skON4iLHjSsI+c5H38=
github.com/dlclark/regexp2 v1.10.0 h1:+/GIL799phkJqYW+3YbOd8LCcbHzT0Pbo8zl70MHsq0=
github.com/dlclark/regexp2 v1.10.0/go.mod h1:DHkYz0B9wPfa6wondMfaivmHpzrQ3v9q8cnmRbL6yW8=
github.com/fatih/color v1.19.0 h1:Zp3PiM21/9Ld6FzSKyL5c/BULoe/ONr9KlbYVOfG8+w=
github.com/fatih/color v1.19.0/go.mod h1:zNk67I0ZUT1bEGsSGyCZYZNrHuTkJJB+r6Q9VuMi0LE=
github.com/go-openapi/jsonpointer v0.19.3/go.mod h1:Pl9vOtqEWErmShwVjC8pYs9cog34VGT37dQOVbmoatg=
github.com/go-openapi/jsonpointer v0.19.5 h1:gZr+CIYByUqjcgeLXnQu2gHYQC9o73G2XUeOFYEICuY=
github.com/go-openapi/jsonpointer v0.19.5/go.mod h1:Pl9vOtqEWErmShwVjC8pYs9cog34VGT37dQOVbmoatg=
github.com/go-openapi/jsonreference v0.20.0 h1:MYlu0sBgChmCfJxxUKZ8g1cPWFOB37YSZqewK7OKeyA=
github.com/go-openapi/jsonreference v0.20.0/go.mod h1:Ag74Ico3lPc+zR+qjn4XBUmXymS4zJbYVCZmcgkasdo=
github.com/go-openapi/spec v0.20.6 h1:ich1RQ3WDbfoeTqTAb+5EIxNmpKVJZWBNah9RAT0jIQ=
github.com/go-openapi/spec v0.20.6/go.mod h1:2OpW+JddWPrpXSCIX8eOx7lZ5iyuWj3RYR6VaaBKcWA=
github.com/go-openapi/swag v0.19.5/go.mod h1:POnQmlKehdgb5mhVOsnJFsivZCEZ/vjK9gh66Z9tfKk=
github.com/go-openapi/swag v0.19.15 h1:D2NRCBzS9/pEY3gP9Nl8aDqGUcPFrwG2p+CNFrLyrCM=
github.com/go-openapi/swag v0.19.15/go.mod h1:QYRuS/SOXUCsnplDa677K7+DxSOj6IPNl/eQntq43wQ=
github.com/google/go-cmp v0.7.0 h1:wk8382ETsv4JYUZwIsn6YpYiWiBsYLSJiTsyBybVuN8=
github.com/google/go-cmp v0.7.0/go.mod h1:pXiqmnSA92OHEEa9HXL2W4E7lf9JzCmGVUdgjX3N/iU=
github.com/google/uuid v1.6.0 h1:NIvaJDMOsjHA8n1jAhLSgzrAzy1Hgr+hNrb57e+94F0=
github.com/google/uuid v1.6.0/go.mod h1:TIyPZe4MgqvfeYDBFedMoGGpEw/LqOeaOT+nhxU+yHo=
github.com/joho/godotenv v1.5.1 h1:7eLL/+HRGLY0ldzfGMeQkb7vMd0as4CfYvUVzLqw0N0=
github.com/joho/godotenv v1.5.1/go.mod h1:f4LDr5Voq0i2e/R5DDNOoa2zzDfwtkZa6DnEwAbqwq4=
github.com/josharian/intern v1.0.0 h1:vlS4z54oSdjm0bgjRigI+G1HpF+tI+9rE5LLzOg8HmY=
github.com/josharian/intern v1.0.0/go.mod h1:5DoeVV0s6jJacbCEi61lwdGj/aVlrQvzHFFd8Hwg//Y=
github.com/kr/pretty v0.1.0/go.mod h1:dAy3ld7l9f0ibDNOQOHHMYYIIbhfbHSm3C4ZsoJORNo=
github.com/kr/pretty v0.2.1/go.mod h1:ipq/a2n7PKx3OHsz4KJII5eveXtPO4qwEXGdVfWzfnI=
github.com/kr/pretty v0.3.1 h1:flRD4NNwYAUpkphVc1HcthR4KEIFJ65n8Mw5qdRn3LE=
github.com/kr/pretty v0.3.1/go.mod h1:hoEshYVHaxMs3cyo3Yncou5ZscifuDolrwPKZanG3xk=
github.com/kr/pty v1.1.1/go.mod h1:pFQYn66WHrOpPYNljwOMqo10TkYh1fy3cYio2l3bCsQ=
github.com/kr/text v0.1.0/go.mod h1:4Jbv+DJW3UT/LiOwJeYQe1efqtUx/iVham/4vfdArNI=
github.com/kr/text v0.2.0 h1:5Nx0Ya0ZqY2ygV366QzturHI13Jq95ApcVaJBhpS+AY=
github.com/kr/text v0.2.0/go.mod h1:eLer722TekiGuMkidMxC/pM04lWEeraHUUmBw8l2grE=
github.com/mailru/easyjson v0.0.0-20190614124828-94de47d64c63/go.mod h1:C1wdFJiN94OJF2b5HbByQZoLdCWB1Yqtg26g4irojpc=
github.com/mailru/easyjson v0.0.0-20190626092158-b2ccc519800e/go.mod h1:C1wdFJiN94OJF2b5HbByQZoLdCWB1Yqtg26g4irojpc=
github.com/mailru/easyjson v0.7.6 h1:8yTIVnZgCoiM1TgqoeTl+LfU5Jg6/xL3QhGQnimLYnA=
github.com/mailru/easyjson v0.7.6/go.mod h1:xzfreul335JAWq5oZzymOObrkdz5UnU4kGfJJLY9Nlc=
github.com/mattn/go-colorable v0.1.14 h1:9A9LHSqF/7dyVVX6g0U9cwm9pG3kP9gSzcuIPHPsaIE=
github.com/mattn/go-colorable v0.1.14/go.mod h1:6LmQG8QLFO4G5z1gPvYEzlUgJ2wF+stgPZH1UqBm1s8=
github.com/mattn/go-isatty v0.0.20 h1:xfD0iDuEKnDkl03q4limB+vH+GxLEtL/jb4xVJSWWEY=
github.com/mattn/go-isatty v0.0.20/go.mod h1:W+V8PltTTMOvKvAeJH7IuucS94S2C6jfK/D7dTCTo3Y=
github.com/niemeyer/pretty v0.0.0-20200227124842-a10e7caefd8e/go.mod h1:zD1mROLANZcx1PVRCS0qkT7pwLkGfwJo4zjcN/Tysno=
github.com/pkg/diff v0.0.0-20210226163009-20ebb0f2a09e/go.mod h1:pJLUxLENpZxwdsKMEsNbx1VGcRFpLqf3715MtcvvzbA=
github.com/pkoukk/tiktoken-go v0.1.8 h1:85ENo+3FpWgAACBaEUVp+lctuTcYUO7BtmfhlN/QTRo=
github.com/pkoukk/tiktoken-go v0.1.8/go.mod h1:9NiV+i9mJKGj1rYOT+njbv+ZwA/zJxYdewGl6qVatpg=
github.com/pmezard/go-difflib v1.0.0 h1:4DBwDE0NGyQoBHbLQYPwSUPoCMWR5BEzIk/f1lZbAQM=
github.com/pmezard/go-difflib v1.0.0/go.mod h1:iKH77koFhYxTK1pcRnkKkqfTogsbg7gZNVY4sRDYZ/4=
github.com/rogpeppe/go-internal v1.9.0/go.mod h1:WtVeX8xhTBvf0smdhujwtBcq4Qrzq/fJaraNFVN+nFs=
github.com/rogpeppe/go-internal v1.14.1 h1:UQB4HGPB6osV0SQTLymcB4TgvyWu6ZyliaW0tI/otEQ=
github.com/rogpeppe/go-internal v1.14.1/go.mod h1:MaRKkUm5W0goXpeCfT7UZI6fk/L7L7so1lCWt35ZSgc=
github.com/stretchr/objx v0.1.0/go.mod h1:HFkY916IF+rwdDfMAkV7OtwuqBVzrE8GR6GFx+wExME=
github.com/stretchr/testify v1.3.0/go.mod h1:M5WIy9Dh21IEIfnGCwXGc5bZfKNJtfHm1UVUgZn+9EI=
github.com/stretchr/testify v1.6.1/go.mod h1:6Fq8oRcR53rry900zMqJjRRixrwX3KX962/h/Wwjteg=
github.com/stretchr/testify v1.11.1 h1:7s2iGBzp5EwR7/aIZr8ao5+dra3wiQyKjjFuvgVKu7U=
github.com/stretchr/testify v1.11.1/go.mod h1:wZwfW3scLgRK+23gO65QZefKpKQRnfz6sD981Nm4B6U=
github.com/swaggo/files/v2 v2.0.0 h1:hmAt8Dkynw7Ssz46F6pn8ok6YmGZqHSVLZ+HQM7i0kw=
github.com/swaggo/files/v2 v2.0.0/go.mod h1:24kk2Y9NYEJ5lHuCra6iVwkMjIekMCaFq/0JQj66kyM=
github.com/swaggo/http-swagger/v2 v2.0.2 h1:FKCdLsl+sFCx60KFsyM0rDarwiUSZ8DqbfSyIKC9OBg=
github.com/swaggo/http-swagger/v2 v2.0.2/go.mod h1:r7/GBkAWIfK6E/OLnE8fXnviHiDeAHmgIyooa4xm3AQ=
github.com/swaggo/swag v1.16.6 h1:qBNcx53ZaX+M5dxVyTrgQ0PJ/ACK+NzhwcbieTt+9yI=
github.com/swaggo/swag v1.16.6/go.mod h1:ngP2etMK5a0P3QBizic5MEwpRmluJZPHjXcMoj4Xesg=
golang.org/x/mod v0.33.0 h1:tHFzIWbBifEmbwtGz65eaWyGiGZatSrT9prnU8DbVL8=
golang.org/x/mod v0.33.0/go.mod h1:swjeQEj+6r7fODbD2cqrnje9PnziFuw4bmLbBZFrQ5w=
golang.org/x/sync v0.22.0 h1:SZjpbeLmrCk4xhRSZFNZW5gFUeCeFgjekvI/+gfScek=
golang.org/x/sync v0.22.0/go.mod h1:9xrNwdLfx4jkKbNva9FpL6vEN7evnE43NNNJQ2LF3+0=
golang.org/x/sys v0.6.0/go.mod h1:oPkhp1MJrh7nUepCBck5+mAzfO9JrbApNNgaTdGDITg=
golang.org/x/sys v0.42.0 h1:omrd2nAlyT5ESRdCLYdm3+fMfNFE/+Rf4bDIQImRJeo=
golang.org/x/sys v0.42.0/go.mod h1:4GL1E5IUh+htKOUEOaiffhrAeqysfVGipDYzABqnCmw=
golang.org/x/time v0.15.0 h1:bbrp8t3bGUeFOx08pvsMYRTCVSMk89u4tKbNOZbp88U=
golang.org/x/time v0.15.0/go.mod h1:Y4YMaQmXwGQZoFaVFk4YpCt4FLQMYKZe9oeV/f4MSno=
golang.org/x/tools v0.42.0 h1:uNgphsn75Tdz5Ji2q36v/nsFSfR/9BRFvqhGBaJGd5k=
golang.org/x/tools v0.42.0/go.mod h1:Ma6lCIwGZvHK6XtgbswSoWroEkhugApmsXyrUmBhfr0=
gopkg.in/check.v1 v0.0.0-20161208181325-20d25e280405/go.mod h1:Co6ibVJAznAaIkqp8huTwlJQCZ016jof/cbN4VW5Yz0=
gopkg.in/check.v1 v1.0.0-20180628173108-788fd7840127/go.mod h1:Co6ibVJAznAaIkqp8huTwlJQCZ016jof/cbN4VW5Yz0=
gopkg.in/check.v1 v1.0.0-20200227125254-8fa46927fb4f/go.mod h1:Co6ibVJAznAaIkqp8huTwlJQCZ016jof/cbN4VW5Yz0=
gopkg.in/check.v1 v1.0.0-20201130134442-10cb98267c6c h1:Hei/4ADfdWqJk1ZMxUNpqntNwaWcugrBjAiHlqqRiVk=
gopkg.in/check.v1 v1.0.0-20201130134442-10cb98267c6c/go.mod h1:JHkPIbrfpd72SG/EVd6muEfDQjcINNoR0C8j2r3qZ4Q=
gopkg.in/yaml.v2 v2.2.2/go.mod h1:hI93XBmqTisBFMUTm0b8Fm+jr3Dg1NNxqwp+5A1VGuI=
gopkg.in/yaml.v2 v2.4.0 h1:D8xgwECY7CYvx+Y2n4sBz93Jn9JRvxdiyyo8CTfuKaY=
gopkg.in/yaml.v2 v2.4.0/go.mod h1:RDklbk79AGWmwhnvt/jBztapEOGDOx6ZbXqjP6csGnQ=
gopkg.in/yaml.v3 v3.0.0-20200313102051-9f266ea9e77c/go.mod h1:K4uyk7z7BCEPqu6E+C64Yfv1cQ7kz7rIZviUmN+EgEM=
gopkg.in/yaml.v3 v3.0.0-20200615113413-eeeca48fe776/go.mod h1:K4uyk7z7BCEPqu6E+C64Yfv1cQ7kz7rIZviUmN+EgEM=
gopkg.in/yaml.v3 v3.0.1 h1:fxVm/GzAzEWqLHuvctI91KS9hhNmmWOoWu0XTYJS7CA=
gopkg.in/yaml.v3 v3.0.1/go.mod h1:K4uyk7z7BCEPqu6E+C64Yfv1cQ7kz7rIZviUmN+EgEM=
